
Microsoft Visual Studio Solution File, Format Version 12.00
# Visual Studio Version 17
VisualStudioVersion = 17.4.33205.214
MinimumVisualStudioVersion = 10.0.40219.1
Project("{9A19103F-16F7-4668-BE54-9A1E7A4F7556}") = "BusTracking.Web", "BusTracking.Web\BusTracking.Web.csproj", "{7C22AA63-ACC8-4E39-8030-2DCF16A93F6E}"
EndProject
Project("{9A19103F-16F7-4668-BE54-9A1E7A4F7556}") = "BusTracking.Data", "BusTracking.Data\BusTracking.Data.csproj", "{92A76BF8-57C3-4820-A7FC-E0D0298FB1D2}"
EndProject
Project("{9A19103F-16F7-4668-BE54-9A1E7A4F7556}") = "BusTracking.Core", "BusTracking.Core\BusTracking.Core.csproj", "{78EB4B47-EC2E-4BFF-BB55-7D957EC22B9B}"
EndProject
Project("{9A19103F-16F7-4668-BE54-9A1E7A4F7556}") = "BusTracking.Infrastructure", "BusTracking.Infrastructure\BusTracking.Infrastructure.csproj", "{40DE65E6-9689-4FC5-B9AE-7638161A6AED}"
EndProject
Project("{9A19103F-16F7-4668-BE54-9A1E7A4F7556}") = "BusTracking.Api", "BusTracking.Api\BusTracking.Api.csproj", "{0E5E9912-EAAB-4CE4-A5F2-53EF485CAFF8}"
EndProject
Global
	GlobalSection(SolutionConfigurationPlatforms) = preSolution
		Debug|Any CPU = Debug|Any CPU
		Release|Any CPU = Release|Any CPU
	EndGlobalSection
	GlobalSection(ProjectConfigurationPlatforms) = postSolution
		{7C22AA63-ACC8-4E39-8030-2DCF16A93F6E}.Debug|Any CPU.ActiveCfg = Debug|Any CPU
		{7C22AA63-ACC8-4E39-8030-2DCF16A93F6E}.Debug|Any CPU.Build.0 = Debug|Any CPU
		{7C22AA63-ACC8-4E39-8030-2DCF16A93F6E}.Release|Any CPU.ActiveCfg = Release|Any CPU
		{7C22AA63-ACC8-4E39-8030-2DCF16A93F6E}.Release|Any CPU.Build.0 = Release|Any CPU
		{92A76BF8-57C3-4820-A7FC-E0D0298FB1D2}.Debug|Any CPU.ActiveCfg = Debug|Any CPU
		{92A76BF8-57C3-4820-A7FC-E0D0298FB1D2}.Debug|Any CPU.Build.0 = Debug|Any CPU
		{92A76BF8-57C3-4820-A7FC-E0D0298FB1D2}.Release|Any CPU.ActiveCfg = Release|Any CPU
		{92A76BF8-57C3-4820-A7FC-E0D0298FB1D2}.Release|Any CPU.Build.0 = Release|Any CPU
		{78EB4B47-EC2E-4BFF-BB55-7D957EC22B9B}.Debug|Any CPU.ActiveCfg = Debug|Any CPU
		{78EB4B47-EC2E-4BFF-BB55-7D957EC22B9B}.Debug|Any CPU.Build.0 = Debug|Any CPU
		{78EB4B47-EC2E-4BFF-BB55-7D957EC22B9B}.Release|Any CPU.ActiveCfg = Release|Any CPU
		{78EB4B47-EC2E-4BFF-BB55-7D957EC22B9B}.Release|Any CPU.Build.0 = Release|Any CPU
		{40DE65E6-9689-4FC5-B9AE-7638161A6AED}.Debug|Any CPU.ActiveCfg = Debug|Any CPU
		{40DE65E6-9689-4FC5-B9AE-7638161A6AED}.Debug|Any CPU.Build.0 = Debug|Any CPU
		{40DE65E6-9689-4FC5-B9AE-7638161A6AED}.Release|Any CPU.ActiveCfg = Release|Any CPU
		{40DE65E6-9689-4FC5-B9AE-7638161A6AED}.Release|Any CPU.Build.0 = Release|Any CPU
		{0E5E9912-EAAB-4CE4-A5F2-53EF485CAFF8}.Debug|Any CPU.ActiveCfg = Debug|Any CPU
		{0E5E9912-EAAB-4CE4-A5F2-53EF485CAFF8}.Debug|Any CPU.Build.0 = Debug|Any CPU
		{0E5E9912-EAAB-4CE4-A5F2-53EF485CAFF8}.Release|Any CPU.ActiveCfg = Release|Any CPU
		{0E5E9912-EAAB-4CE4-A5F2-53EF485CAFF8}.Release|Any CPU.Build.0 = Release|Any CPU
	EndGlobalSection
	GlobalSection(SolutionProperties) = preSolution
		HideSolutionNode = FALSE
	EndGlobalSection
	GlobalSection(ExtensibilityGlobals) = postSolution
		SolutionGuid = {D5A74F43-75AA-4572-8E93-2B11F1CFACC4}
	EndGlobalSection
EndGlobal
